
Microsoft Visual Studio Solution File, Format Version 10.00
# Visual Studio 2008
Project("{E24C65DC-7377-472B-9ABA-BC803B73C61A}") = "60Anniversary", ".", "{677735B3-8FB5-4FF7-AFCB-272E02DC73C1}"
	ProjectSection(WebsiteProperties) = preProject
		TargetFramework = "3.5"
		Debug.AspNetCompiler.VirtualPath = "/60Anniversary"
		Debug.AspNetCompiler.PhysicalPath = "D:\ecidi\webroot\60Anniversary\"
		Debug.AspNetCompiler.TargetPath = "PrecompiledWeb\60Anniversary\"
		Debug.AspNetCompiler.Updateable = "true"
		Debug.AspNetCompiler.ForceOverwrite = "true"
		Debug.AspNetCompiler.FixedNames = "false"
		Debug.AspNetCompiler.Debug = "True"
		Release.AspNetCompiler.VirtualPath = "/60Anniversary"
		Release.AspNetCompiler.PhysicalPath = "D:\ecidi\webroot\60Anniversary\"
		Release.AspNetCompiler.TargetPath = "PrecompiledWeb\60Anniversary\"
		Release.AspNetCompiler.Updateable = "true"
		Release.AspNetCompiler.ForceOverwrite = "true"
		Release.AspNetCompiler.FixedNames = "false"
		Release.AspNetCompiler.Debug = "False"
		VWDPort = "40138"
	EndProjectSection
EndProject
Global
	GlobalSection(SolutionConfigurationPlatforms) = preSolution
		Debug|Any CPU = Debug|Any CPU
	EndGlobalSection
	GlobalSection(ProjectConfigurationPlatforms) = postSolution
		{677735B3-8FB5-4FF7-AFCB-272E02DC73C1}.Debug|Any CPU.ActiveCfg = Debug|Any CPU
		{677735B3-8FB5-4FF7-AFCB-272E02DC73C1}.Debug|Any CPU.Build.0 = Debug|Any CPU
	EndGlobalSection
	GlobalSection(SolutionProperties) = preSolution
		HideSolutionNode = FALSE
	EndGlobalSection
EndGlobal
